// !$*UTF8*$!
{
	archiveVersion = 1;
	classes = {
	};
	objectVersion = 46;
	objects = {

/* Begin PBXBuildFile section */
		BDA3B8161BFC98CD00CF71A3 /* Table.cpp in Sources */ = {isa = PBXBuildFile; fileRef = BDA3B8141BFC98CD00CF71A3 /* Table.cpp */; };
		BDA69E481BFC7A7D00166E3A /* Cell.cpp in Sources */ = {isa = PBXBuildFile; fileRef = BDA69E461BFC7A7D00166E3A /* Cell.cpp */; };
		BDCF0E181BFBD9DA0023DF71 /* main.cpp in Sources */ = {isa = PBXBuildFile; fileRef = BDCF0E171BFBD9DA0023DF71 /* main.cpp */; };
		BDE5BC3A1C09E61300F9E361 /* Solver.cpp in Sources */ = {isa = PBXBuildFile; fileRef = BDE5BC381C09E61300F9E361 /* Solver.cpp */; };
/* End PBXBuildFile section */

/* Begin PBXCopyFilesBuildPhase section */
		BDCF0E121BFBD9DA0023DF71 /* CopyFiles */ = {
			isa = PBXCopyFilesBuildPhase;
			buildActionMask = 2147483647;
			dstPath = /usr/share/man/man1/;
			dstSubfolderSpec = 0;
			files = (
			);
			runOnlyForDeploymentPostprocessing = 1;
		};
/* End PBXCopyFilesBuildPhase section */

/* Begin PBXFileReference section */
		BDA3B8141BFC98CD00CF71A3 /* Table.cpp */ = {isa = PBXFileReference; fileEncoding = 4; lastKnownFileType = sourcecode.cpp.cpp; path = Table.cpp; sourceTree = "<group>"; };
		BDA3B8151BFC98CD00CF71A3 /* Table.hpp */ = {isa = PBXFileReference; fileEncoding = 4; lastKnownFileType = sourcecode.cpp.h; path = Table.hpp; sourceTree = "<group>"; };
		BDA69E461BFC7A7D00166E3A /* Cell.cpp */ = {isa = PBXFileReference; fileEncoding = 4; lastKnownFileType = sourcecode.cpp.cpp; path = Cell.cpp; sourceTree = "<group>"; };
		BDA69E471BFC7A7D00166E3A /* Cell.hpp */ = {isa = PBXFileReference; fileEncoding = 4; lastKnownFileType = sourcecode.cpp.h; path = Cell.hpp; sourceTree = "<group>"; };
		BDCF0E141BFBD9DA0023DF71 /* HW2 */ = {isa = PBXFileReference; explicitFileType = "compiled.mach-o.executable"; includeInIndex = 0; path = HW2; sourceTree = BUILT_PRODUCTS_DIR; };
		BDCF0E171BFBD9DA0023DF71 /* main.cpp */ = {isa = PBXFileReference; lastKnownFileType = sourcecode.cpp.cpp; path = main.cpp; sourceTree = "<group>"; };
		BDE5A6A81BFF138F0029E88C /* DinamicArray.hpp */ = {isa = PBXFileReference; fileEncoding = 4; lastKnownFileType = sourcecode.cpp.h; path = DinamicArray.hpp; sourceTree = "<group>"; };
		BDE5BC381C09E61300F9E361 /* Solver.cpp */ = {isa = PBXFileReference; fileEncoding = 4; lastKnownFileType = sourcecode.cpp.cpp; path = Solver.cpp; sourceTree = "<group>"; };
		BDE5BC391C09E61300F9E361 /* Solver.hpp */ = {isa = PBXFileReference; fileEncoding = 4; lastKnownFileType = sourcecode.cpp.h; path = Solver.hpp; sourceTree = "<group>"; };
/* End PBXFileReference section */

/* Begin PBXFrameworksBuildPhase section */
		BDCF0E111BFBD9DA0023DF71 /* Frameworks */ = {
			isa = PBXFrameworksBuildPhase;
			buildActionMask = 2147483647;
			files = (
			);
			runOnlyForDeploymentPostprocessing = 0;
		};
/* End PBXFrameworksBuildPhase section */

/* Begin PBXGroup section */
		BDCF0E0B1BFBD9D90023DF71 = {
			isa = PBXGroup;
			children = (
				BDCF0E161BFBD9DA0023DF71 /* HW2 */,
				BDCF0E151BFBD9DA0023DF71 /* Products */,
			);
			sourceTree = "<group>";
		};
		BDCF0E151BFBD9DA0023DF71 /* Products */ = {
			isa = PBXGroup;
			children = (
				BDCF0E141BFBD9DA0023DF71 /* HW2 */,
			);
			name = Products;
			sourceTree = "<group>";
		};
		BDCF0E161BFBD9DA0023DF71 /* HW2 */ = {
			isa = PBXGroup;
			children = (
				BDCF0E171BFBD9DA0023DF71 /* main.cpp */,
				BDA3B8141BFC98CD00CF71A3 /* Table.cpp */,
				BDA3B8151BFC98CD00CF71A3 /* Table.hpp */,
				BDA69E461BFC7A7D00166E3A /* Cell.cpp */,
				BDA69E471BFC7A7D00166E3A /* Cell.hpp */,
				BDE5A6A81BFF138F0029E88C /* DinamicArray.hpp */,
				BDE5BC381C09E61300F9E361 /* Solver.cpp */,
				BDE5BC391C09E61300F9E361 /* Solver.hpp */,
			);
			path = HW2;
			sourceTree = "<group>";
		};
/* End PBXGroup section */

/* Begin PBXNativeTarget section */
		BDCF0E131BFBD9DA0023DF71 /* HW2 */ = {
			isa = PBXNativeTarget;
			buildConfigurationList = BDCF0E1B1BFBD9DA0023DF71 /* Build configuration list for PBXNativeTarget "HW2" */;
			buildPhases = (
				BDCF0E101BFBD9DA0023DF71 /* Sources */,
				BDCF0E111BFBD9DA0023DF71 /* Frameworks */,
				BDCF0E121BFBD9DA0023DF71 /* CopyFiles */,
			);
			buildRules = (
			);
			dependencies = (
			);
			name = HW2;
			productName = HW2;
			productReference = BDCF0E141BFBD9DA0023DF71 /* HW2 */;
			productType = "com.apple.product-type.tool";
		};
/* End PBXNativeTarget section */

/* Begin PBXProject section */
		BDCF0E0C1BFBD9D90023DF71 /* Project object */ = {
			isa = PBXProject;
			attributes = {
				LastUpgradeCheck = 0710;
				ORGANIZATIONNAME = "Emil Iliev";
				TargetAttributes = {
					BDCF0E131BFBD9DA0023DF71 = {
						CreatedOnToolsVersion = 7.1.1;
					};
				};
			};
			buildConfigurationList = BDCF0E0F1BFBD9D90023DF71 /* Build configuration list for PBXProject "HW2" */;
			compatibilityVersion = "Xcode 3.2";
			developmentRegion = English;
			hasScannedForEncodings = 0;
			knownRegions = (
				en,
			);
			mainGroup = BDCF0E0B1BFBD9D90023DF71;
			productRefGroup = BDCF0E151BFBD9DA0023DF71 /* Products */;
			projectDirPath = "";
			projectRoot = "";
			targets = (
				BDCF0E131BFBD9DA0023DF71 /* HW2 */,
			);
		};
/* End PBXProject section */

/* Begin PBXSourcesBuildPhase section */
		BDCF0E101BFBD9DA0023DF71 /* Sources */ = {
			isa = PBXSourcesBuildPhase;
			buildActionMask = 2147483647;
			files = (
				BDA3B8161BFC98CD00CF71A3 /* Table.cpp in Sources */,
				BDCF0E181BFBD9DA0023DF71 /* main.cpp in Sources */,
				BDE5BC3A1C09E61300F9E361 /* Solver.cpp in Sources */,
				BDA69E481BFC7A7D00166E3A /* Cell.cpp in Sources */,
			);
			runOnlyForDeploymentPostprocessing = 0;
		};
/* End PBXSourcesBuildPhase section */

/* Begin XCBuildConfiguration section */
		BDCF0E191BFBD9DA0023DF71 /* Debug */ = {
			isa = XCBuildConfiguration;
			buildSettings = {
				ALWAYS_SEARCH_USER_PATHS = NO;
				CLANG_CXX_LANGUAGE_STANDARD = "gnu++0x";
				CLANG_CXX_LIBRARY = "libc++";
				CLANG_ENABLE_MODULES = YES;
				CLANG_ENABLE_OBJC_ARC = YES;
				CLANG_WARN_BOOL_CONVERSION = YES;
				CLANG_WARN_CONSTANT_CONVERSION = YES;
				CLANG_WARN_DIRECT_OBJC_ISA_USAGE = YES_ERROR;
				CLANG_WARN_EMPTY_BODY = YES;
				CLANG_WARN_ENUM_CONVERSION = YES;
				CLANG_WARN_INT_CONVERSION = YES;
				CLANG_WARN_OBJC_ROOT_CLASS = YES_ERROR;
				CLANG_WARN_UNREACHABLE_CODE = YES;
				CLANG_WARN__DUPLICATE_METHOD_MATCH = YES;
				CODE_SIGN_IDENTITY = "-";
				COPY_PHASE_STRIP = NO;
				DEBUG_INFORMATION_FORMAT = dwarf;
				ENABLE_STRICT_OBJC_MSGSEND = YES;
				ENABLE_TESTABILITY = YES;
				GCC_C_LANGUAGE_STANDARD = gnu99;
				GCC_DYNAMIC_NO_PIC = NO;
				GCC_NO_COMMON_BLOCKS = YES;
				GCC_OPTIMIZATION_LEVEL = 0;
				GCC_PREPROCESSOR_DEFINITIONS = (
					"DEBUG=1",
					"$(inherited)",
				);
				GCC_WARN_64_TO_32_BIT_CONVERSION = YES;
				GCC_WARN_ABOUT_RETURN_TYPE = YES_ERROR;
				GCC_WARN_UNDECLARED_SELECTOR = YES;
				GCC_WARN_UNINITIALIZED_AUTOS = YES_AGGRESSIVE;
				GCC_WARN_UNUSED_FUNCTION = YES;
				GCC_WARN_UNUSED_VARIABLE = YES;
				MACOSX_DEPLOYMENT_TARGET = 10.11;
				MTL_ENABLE_DEBUG_INFO = YES;
				ONLY_ACTIVE_ARCH = YES;
				SDKROOT = macosx;
			};
			name = Debug;
		};
		BDCF0E1A1BFBD9DA0023DF71 /* Release */ = {
			isa = XCBuildConfiguration;
			buildSettings = {
				ALWAYS_SEARCH_USER_PATHS = NO;
				CLANG_CXX_LANGUAGE_STANDARD = "gnu++0x";
				CLANG_CXX_LIBRARY = "libc++";
				CLANG_ENABLE_MODULES = YES;
				CLANG_ENABLE_OBJC_ARC = YES;
				CLANG_WARN_BOOL_CONVERSION = YES;
				CLANG_WARN_CONSTANT_CONVERSION = YES;
				CLANG_WARN_DIRECT_OBJC_ISA_USAGE = YES_ERROR;
				CLANG_WARN_EMPTY_BODY = YES;
				CLANG_WARN_ENUM_CONVERSION = YES;
				CLANG_WARN_INT_CONVERSION = YES;
				CLANG_WARN_OBJC_ROOT_CLASS = YES_ERROR;
				CLANG_WARN_UNREACHABLE_CODE = YES;
				CLANG_WARN__DUPLICATE_METHOD_MATCH = YES;
				CODE_SIGN_IDENTITY = "-";
				COPY_PHASE_STRIP = NO;
				DEBUG_INFORMATION_FORMAT = "dwarf-with-dsym";
				ENABLE_NS_ASSERTIONS = NO;
				ENABLE_STRICT_OBJC_MSGSEND = YES;
				GCC_C_LANGUAGE_STANDARD = gnu99;
				GCC_NO_COMMON_BLOCKS = YES;
				GCC_WARN_64_TO_32_BIT_CONVERSION = YES;
				GCC_WARN_ABOUT_RETURN_TYPE = YES_ERROR;
				GCC_WARN_UNDECLARED_SELECTOR = YES;
				GCC_WARN_UNINITIALIZED_AUTOS = YES_AGGRESSIVE;
				GCC_WARN_UNUSED_FUNCTION = YES;
				GCC_WARN_UNUSED_VARIABLE = YES;
				MACOSX_DEPLOYMENT_TARGET = 10.11;
				MTL_ENABLE_DEBUG_INFO = NO;
				SDKROOT = macosx;
			};
			name = Release;
		};
		BDCF0E1C1BFBD9DA0023DF71 /* Debug */ = {
			isa = XCBuildConfiguration;
			buildSettings = {
				PRODUCT_NAME = "$(TARGET_NAME)";
			};
			name = Debug;
		};
		BDCF0E1D1BFBD9DA0023DF71 /* Release */ = {
			isa = XCBuildConfiguration;
			buildSettings = {
				PRODUCT_NAME = "$(TARGET_NAME)";
			};
			name = Release;
		};
/* End XCBuildConfiguration section */

/* Begin XCConfigurationList section */
		BDCF0E0F1BFBD9D90023DF71 /* Build configuration list for PBXProject "HW2" */ = {
			isa = XCConfigurationList;
			buildConfigurations = (
				BDCF0E191BFBD9DA0023DF71 /* Debug */,
				BDCF0E1A1BFBD9DA0023DF71 /* Release */,
			);
			defaultConfigurationIsVisible = 0;
			defaultConfigurationName = Release;
		};
		BDCF0E1B1BFBD9DA0023DF71 /* Build configuration list for PBXNativeTarget "HW2" */ = {
			isa = XCConfigurationList;
			buildConfigurations = (
				BDCF0E1C1BFBD9DA0023DF71 /* Debug */,
				BDCF0E1D1BFBD9DA0023DF71 /* Release */,
			);
			defaultConfigurationIsVisible = 0;
			defaultConfigurationName = Release;
		};
/* End XCConfigurationList section */
	};
	rootObject = BDCF0E0C1BFBD9D90023DF71 /* Project object */;
}
