// !$*UTF8*$!
{
	archiveVersion = 1;
	classes = {
	};
	objectVersion = 46;
	objects = {

/* Begin PBXBuildFile section */
		BD4095A91C31A17500E79C77 /* main.cpp in Sources */ = {isa = PBXBuildFile; fileRef = BD4095A81C31A17500E79C77 /* main.cpp */; };
		BDC7FC901C32DEA00075EB41 /* Hash.cpp in Sources */ = {isa = PBXBuildFile; fileRef = BDC7FC8E1C32DEA00075EB41 /* Hash.cpp */; };
/* End PBXBuildFile section */

/* Begin PBXCopyFilesBuildPhase section */
		BD4095A31C31A17500E79C77 /* CopyFiles */ = {
			isa = PBXCopyFilesBuildPhase;
			buildActionMask = 2147483647;
			dstPath = /usr/share/man/man1/;
			dstSubfolderSpec = 0;
			files = (
			);
			runOnlyForDeploymentPostprocessing = 1;
		};
/* End PBXCopyFilesBuildPhase section */

/* Begin PBXFileReference section */
		BD4095A51C31A17500E79C77 /* Key-Value-Store */ = {isa = PBXFileReference; explicitFileType = "compiled.mach-o.executable"; includeInIndex = 0; path = "Key-Value-Store"; sourceTree = BUILT_PRODUCTS_DIR; };
		BD4095A81C31A17500E79C77 /* main.cpp */ = {isa = PBXFileReference; lastKnownFileType = sourcecode.cpp.cpp; path = main.cpp; sourceTree = "<group>"; };
		BDC7FC891C32D1DE0075EB41 /* HashTable.hpp */ = {isa = PBXFileReference; fileEncoding = 4; lastKnownFileType = sourcecode.cpp.h; path = HashTable.hpp; sourceTree = "<group>"; };
		BDC7FC8C1C32D4BF0075EB41 /* Pair.hpp */ = {isa = PBXFileReference; fileEncoding = 4; lastKnownFileType = sourcecode.cpp.h; path = Pair.hpp; sourceTree = "<group>"; };
		BDC7FC8E1C32DEA00075EB41 /* Hash.cpp */ = {isa = PBXFileReference; fileEncoding = 4; lastKnownFileType = sourcecode.cpp.cpp; path = Hash.cpp; sourceTree = "<group>"; };
		BDC7FC8F1C32DEA00075EB41 /* Hash.hpp */ = {isa = PBXFileReference; fileEncoding = 4; lastKnownFileType = sourcecode.cpp.h; path = Hash.hpp; sourceTree = "<group>"; };
		BDF404771C32711A001A613A /* List.hpp */ = {isa = PBXFileReference; fileEncoding = 4; lastKnownFileType = sourcecode.cpp.h; path = List.hpp; sourceTree = "<group>"; };
		BDF4047A1C327171001A613A /* Node.hpp */ = {isa = PBXFileReference; fileEncoding = 4; lastKnownFileType = sourcecode.cpp.h; path = Node.hpp; sourceTree = "<group>"; };
/* End PBXFileReference section */

/* Begin PBXFrameworksBuildPhase section */
		BD4095A21C31A17500E79C77 /* Frameworks */ = {
			isa = PBXFrameworksBuildPhase;
			buildActionMask = 2147483647;
			files = (
			);
			runOnlyForDeploymentPostprocessing = 0;
		};
/* End PBXFrameworksBuildPhase section */

/* Begin PBXGroup section */
		BD40959C1C31A17500E79C77 = {
			isa = PBXGroup;
			children = (
				BD4095A71C31A17500E79C77 /* Key-Value-Store */,
				BD4095A61C31A17500E79C77 /* Products */,
			);
			sourceTree = "<group>";
		};
		BD4095A61C31A17500E79C77 /* Products */ = {
			isa = PBXGroup;
			children = (
				BD4095A51C31A17500E79C77 /* Key-Value-Store */,
			);
			name = Products;
			sourceTree = "<group>";
		};
		BD4095A71C31A17500E79C77 /* Key-Value-Store */ = {
			isa = PBXGroup;
			children = (
				BD4095A81C31A17500E79C77 /* main.cpp */,
				BDF404771C32711A001A613A /* List.hpp */,
				BDF4047A1C327171001A613A /* Node.hpp */,
				BDC7FC891C32D1DE0075EB41 /* HashTable.hpp */,
				BDC7FC8C1C32D4BF0075EB41 /* Pair.hpp */,
				BDC7FC8E1C32DEA00075EB41 /* Hash.cpp */,
				BDC7FC8F1C32DEA00075EB41 /* Hash.hpp */,
			);
			path = "Key-Value-Store";
			sourceTree = "<group>";
		};
/* End PBXGroup section */

/* Begin PBXNativeTarget section */
		BD4095A41C31A17500E79C77 /* Key-Value-Store */ = {
			isa = PBXNativeTarget;
			buildConfigurationList = BD4095AC1C31A17500E79C77 /* Build configuration list for PBXNativeTarget "Key-Value-Store" */;
			buildPhases = (
				BD4095A11C31A17500E79C77 /* Sources */,
				BD4095A21C31A17500E79C77 /* Frameworks */,
				BD4095A31C31A17500E79C77 /* CopyFiles */,
			);
			buildRules = (
			);
			dependencies = (
			);
			name = "Key-Value-Store";
			productName = "Key-Value-Store";
			productReference = BD4095A51C31A17500E79C77 /* Key-Value-Store */;
			productType = "com.apple.product-type.tool";
		};
/* End PBXNativeTarget section */

/* Begin PBXProject section */
		BD40959D1C31A17500E79C77 /* Project object */ = {
			isa = PBXProject;
			attributes = {
				LastUpgradeCheck = 0720;
				ORGANIZATIONNAME = "Emil Iliev";
				TargetAttributes = {
					BD4095A41C31A17500E79C77 = {
						CreatedOnToolsVersion = 7.2;
					};
				};
			};
			buildConfigurationList = BD4095A01C31A17500E79C77 /* Build configuration list for PBXProject "Key-Value-Store" */;
			compatibilityVersion = "Xcode 3.2";
			developmentRegion = English;
			hasScannedForEncodings = 0;
			knownRegions = (
				en,
			);
			mainGroup = BD40959C1C31A17500E79C77;
			productRefGroup = BD4095A61C31A17500E79C77 /* Products */;
			projectDirPath = "";
			projectRoot = "";
			targets = (
				BD4095A41C31A17500E79C77 /* Key-Value-Store */,
			);
		};
/* End PBXProject section */

/* Begin PBXSourcesBuildPhase section */
		BD4095A11C31A17500E79C77 /* Sources */ = {
			isa = PBXSourcesBuildPhase;
			buildActionMask = 2147483647;
			files = (
				BD4095A91C31A17500E79C77 /* main.cpp in Sources */,
				BDC7FC901C32DEA00075EB41 /* Hash.cpp in Sources */,
			);
			runOnlyForDeploymentPostprocessing = 0;
		};
/* End PBXSourcesBuildPhase section */

/* Begin XCBuildConfiguration section */
		BD4095AA1C31A17500E79C77 /* Debug */ = {
			isa = XCBuildConfiguration;
			buildSettings = {
				ALWAYS_SEARCH_USER_PATHS = NO;
				CLANG_CXX_LANGUAGE_STANDARD = "gnu++0x";
				CLANG_CXX_LIBRARY = "libc++";
				CLANG_ENABLE_MODULES = YES;
				CLANG_ENABLE_OBJC_ARC = YES;
				CLANG_WARN_BOOL_CONVERSION = YES;
				CLANG_WARN_CONSTANT_CONVERSION = YES;
				CLANG_WARN_DIRECT_OBJC_ISA_USAGE = YES_ERROR;
				CLANG_WARN_EMPTY_BODY = YES;
				CLANG_WARN_ENUM_CONVERSION = YES;
				CLANG_WARN_INT_CONVERSION = YES;
				CLANG_WARN_OBJC_ROOT_CLASS = YES_ERROR;
				CLANG_WARN_UNREACHABLE_CODE = YES;
				CLANG_WARN__DUPLICATE_METHOD_MATCH = YES;
				CODE_SIGN_IDENTITY = "-";
				COPY_PHASE_STRIP = NO;
				DEBUG_INFORMATION_FORMAT = dwarf;
				ENABLE_STRICT_OBJC_MSGSEND = YES;
				ENABLE_TESTABILITY = YES;
				GCC_C_LANGUAGE_STANDARD = gnu99;
				GCC_DYNAMIC_NO_PIC = NO;
				GCC_NO_COMMON_BLOCKS = YES;
				GCC_OPTIMIZATION_LEVEL = 0;
				GCC_PREPROCESSOR_DEFINITIONS = (
					"DEBUG=1",
					"$(inherited)",
				);
				GCC_WARN_64_TO_32_BIT_CONVERSION = YES;
				GCC_WARN_ABOUT_RETURN_TYPE = YES_ERROR;
				GCC_WARN_UNDECLARED_SELECTOR = YES;
				GCC_WARN_UNINITIALIZED_AUTOS = YES_AGGRESSIVE;
				GCC_WARN_UNUSED_FUNCTION = YES;
				GCC_WARN_UNUSED_VARIABLE = YES;
				MACOSX_DEPLOYMENT_TARGET = 10.11;
				MTL_ENABLE_DEBUG_INFO = YES;
				ONLY_ACTIVE_ARCH = YES;
				SDKROOT = macosx;
			};
			name = Debug;
		};
		BD4095AB1C31A17500E79C77 /* Release */ = {
			isa = XCBuildConfiguration;
			buildSettings = {
				ALWAYS_SEARCH_USER_PATHS = NO;
				CLANG_CXX_LANGUAGE_STANDARD = "gnu++0x";
				CLANG_CXX_LIBRARY = "libc++";
				CLANG_ENABLE_MODULES = YES;
				CLANG_ENABLE_OBJC_ARC = YES;
				CLANG_WARN_BOOL_CONVERSION = YES;
				CLANG_WARN_CONSTANT_CONVERSION = YES;
				CLANG_WARN_DIRECT_OBJC_ISA_USAGE = YES_ERROR;
				CLANG_WARN_EMPTY_BODY = YES;
				CLANG_WARN_ENUM_CONVERSION = YES;
				CLANG_WARN_INT_CONVERSION = YES;
				CLANG_WARN_OBJC_ROOT_CLASS = YES_ERROR;
				CLANG_WARN_UNREACHABLE_CODE = YES;
				CLANG_WARN__DUPLICATE_METHOD_MATCH = YES;
				CODE_SIGN_IDENTITY = "-";
				COPY_PHASE_STRIP = NO;
				DEBUG_INFORMATION_FORMAT = "dwarf-with-dsym";
				ENABLE_NS_ASSERTIONS = NO;
				ENABLE_STRICT_OBJC_MSGSEND = YES;
				GCC_C_LANGUAGE_STANDARD = gnu99;
				GCC_NO_COMMON_BLOCKS = YES;
				GCC_WARN_64_TO_32_BIT_CONVERSION = YES;
				GCC_WARN_ABOUT_RETURN_TYPE = YES_ERROR;
				GCC_WARN_UNDECLARED_SELECTOR = YES;
				GCC_WARN_UNINITIALIZED_AUTOS = YES_AGGRESSIVE;
				GCC_WARN_UNUSED_FUNCTION = YES;
				GCC_WARN_UNUSED_VARIABLE = YES;
				MACOSX_DEPLOYMENT_TARGET = 10.11;
				MTL_ENABLE_DEBUG_INFO = NO;
				SDKROOT = macosx;
			};
			name = Release;
		};
		BD4095AD1C31A17500E79C77 /* Debug */ = {
			isa = XCBuildConfiguration;
			buildSettings = {
				PRODUCT_NAME = "$(TARGET_NAME)";
			};
			name = Debug;
		};
		BD4095AE1C31A17500E79C77 /* Release */ = {
			isa = XCBuildConfiguration;
			buildSettings = {
				PRODUCT_NAME = "$(TARGET_NAME)";
			};
			name = Release;
		};
/* End XCBuildConfiguration section */

/* Begin XCConfigurationList section */
		BD4095A01C31A17500E79C77 /* Build configuration list for PBXProject "Key-Value-Store" */ = {
			isa = XCConfigurationList;
			buildConfigurations = (
				BD4095AA1C31A17500E79C77 /* Debug */,
				BD4095AB1C31A17500E79C77 /* Release */,
			);
			defaultConfigurationIsVisible = 0;
			defaultConfigurationName = Release;
		};
		BD4095AC1C31A17500E79C77 /* Build configuration list for PBXNativeTarget "Key-Value-Store" */ = {
			isa = XCConfigurationList;
			buildConfigurations = (
				BD4095AD1C31A17500E79C77 /* Debug */,
				BD4095AE1C31A17500E79C77 /* Release */,
			);
			defaultConfigurationIsVisible = 0;
			defaultConfigurationName = Release;
		};
/* End XCConfigurationList section */
	};
	rootObject = BD40959D1C31A17500E79C77 /* Project object */;
}
