// !$*UTF8*$!
{
	archiveVersion = 1;
	classes = {
	};
	objectVersion = 46;
	objects = {

/* Begin PBXBuildFile section */
		BD3916B61C4265AB0010A44E /* main.cpp in Sources */ = {isa = PBXBuildFile; fileRef = BD3916B51C4265AB0010A44E /* main.cpp */; };
		BDB719171C4653AA005E8E72 /* myString.cpp in Sources */ = {isa = PBXBuildFile; fileRef = BDB719151C4653AA005E8E72 /* myString.cpp */; };
/* End PBXBuildFile section */

/* Begin PBXCopyFilesBuildPhase section */
		BD3916B01C4265AB0010A44E /* CopyFiles */ = {
			isa = PBXCopyFilesBuildPhase;
			buildActionMask = 2147483647;
			dstPath = /usr/share/man/man1/;
			dstSubfolderSpec = 0;
			files = (
			);
			runOnlyForDeploymentPostprocessing = 1;
		};
/* End PBXCopyFilesBuildPhase section */

/* Begin PBXFileReference section */
		BD3916B21C4265AB0010A44E /* Hw5 */ = {isa = PBXFileReference; explicitFileType = "compiled.mach-o.executable"; includeInIndex = 0; path = Hw5; sourceTree = BUILT_PRODUCTS_DIR; };
		BD3916B51C4265AB0010A44E /* main.cpp */ = {isa = PBXFileReference; lastKnownFileType = sourcecode.cpp.cpp; path = main.cpp; sourceTree = "<group>"; };
		BDB719151C4653AA005E8E72 /* myString.cpp */ = {isa = PBXFileReference; fileEncoding = 4; lastKnownFileType = sourcecode.cpp.cpp; path = myString.cpp; sourceTree = "<group>"; };
		BDB719161C4653AA005E8E72 /* myString.hpp */ = {isa = PBXFileReference; fileEncoding = 4; lastKnownFileType = sourcecode.cpp.h; path = myString.hpp; sourceTree = "<group>"; };
		BDD1FEF91C4B9C120078593D /* DinamicArray.hpp */ = {isa = PBXFileReference; lastKnownFileType = sourcecode.cpp.h; path = DinamicArray.hpp; sourceTree = "<group>"; };
/* End PBXFileReference section */

/* Begin PBXFrameworksBuildPhase section */
		BD3916AF1C4265AB0010A44E /* Frameworks */ = {
			isa = PBXFrameworksBuildPhase;
			buildActionMask = 2147483647;
			files = (
			);
			runOnlyForDeploymentPostprocessing = 0;
		};
/* End PBXFrameworksBuildPhase section */

/* Begin PBXGroup section */
		BD3916A91C4265AB0010A44E = {
			isa = PBXGroup;
			children = (
				BD3916B41C4265AB0010A44E /* Hw5 */,
				BD3916B31C4265AB0010A44E /* Products */,
			);
			sourceTree = "<group>";
		};
		BD3916B31C4265AB0010A44E /* Products */ = {
			isa = PBXGroup;
			children = (
				BD3916B21C4265AB0010A44E /* Hw5 */,
			);
			name = Products;
			sourceTree = "<group>";
		};
		BD3916B41C4265AB0010A44E /* Hw5 */ = {
			isa = PBXGroup;
			children = (
				BD3916B51C4265AB0010A44E /* main.cpp */,
				BDD1FEF91C4B9C120078593D /* DinamicArray.hpp */,
				BDB719151C4653AA005E8E72 /* myString.cpp */,
				BDB719161C4653AA005E8E72 /* myString.hpp */,
			);
			path = Hw5;
			sourceTree = "<group>";
		};
/* End PBXGroup section */

/* Begin PBXNativeTarget section */
		BD3916B11C4265AB0010A44E /* Hw5 */ = {
			isa = PBXNativeTarget;
			buildConfigurationList = BD3916B91C4265AB0010A44E /* Build configuration list for PBXNativeTarget "Hw5" */;
			buildPhases = (
				BD3916AE1C4265AB0010A44E /* Sources */,
				BD3916AF1C4265AB0010A44E /* Frameworks */,
				BD3916B01C4265AB0010A44E /* CopyFiles */,
			);
			buildRules = (
			);
			dependencies = (
			);
			name = Hw5;
			productName = Hw5;
			productReference = BD3916B21C4265AB0010A44E /* Hw5 */;
			productType = "com.apple.product-type.tool";
		};
/* End PBXNativeTarget section */

/* Begin PBXProject section */
		BD3916AA1C4265AB0010A44E /* Project object */ = {
			isa = PBXProject;
			attributes = {
				LastUpgradeCheck = 0720;
				ORGANIZATIONNAME = "Emil Iliev";
				TargetAttributes = {
					BD3916B11C4265AB0010A44E = {
						CreatedOnToolsVersion = 7.2;
					};
				};
			};
			buildConfigurationList = BD3916AD1C4265AB0010A44E /* Build configuration list for PBXProject "Hw5" */;
			compatibilityVersion = "Xcode 3.2";
			developmentRegion = English;
			hasScannedForEncodings = 0;
			knownRegions = (
				en,
			);
			mainGroup = BD3916A91C4265AB0010A44E;
			productRefGroup = BD3916B31C4265AB0010A44E /* Products */;
			projectDirPath = "";
			projectRoot = "";
			targets = (
				BD3916B11C4265AB0010A44E /* Hw5 */,
			);
		};
/* End PBXProject section */

/* Begin PBXSourcesBuildPhase section */
		BD3916AE1C4265AB0010A44E /* Sources */ = {
			isa = PBXSourcesBuildPhase;
			buildActionMask = 2147483647;
			files = (
				BDB719171C4653AA005E8E72 /* myString.cpp in Sources */,
				BD3916B61C4265AB0010A44E /* main.cpp in Sources */,
			);
			runOnlyForDeploymentPostprocessing = 0;
		};
/* End PBXSourcesBuildPhase section */

/* Begin XCBuildConfiguration section */
		BD3916B71C4265AB0010A44E /* Debug */ = {
			isa = XCBuildConfiguration;
			buildSettings = {
				ALWAYS_SEARCH_USER_PATHS = NO;
				CLANG_CXX_LANGUAGE_STANDARD = "gnu++0x";
				CLANG_CXX_LIBRARY = "libc++";
				CLANG_ENABLE_MODULES = YES;
				CLANG_ENABLE_OBJC_ARC = YES;
				CLANG_WARN_BOOL_CONVERSION = YES;
				CLANG_WARN_CONSTANT_CONVERSION = YES;
				CLANG_WARN_DIRECT_OBJC_ISA_USAGE = YES_ERROR;
				CLANG_WARN_EMPTY_BODY = YES;
				CLANG_WARN_ENUM_CONVERSION = YES;
				CLANG_WARN_INT_CONVERSION = YES;
				CLANG_WARN_OBJC_ROOT_CLASS = YES_ERROR;
				CLANG_WARN_UNREACHABLE_CODE = YES;
				CLANG_WARN__DUPLICATE_METHOD_MATCH = YES;
				CODE_SIGN_IDENTITY = "-";
				COPY_PHASE_STRIP = NO;
				DEBUG_INFORMATION_FORMAT = dwarf;
				ENABLE_STRICT_OBJC_MSGSEND = YES;
				ENABLE_TESTABILITY = YES;
				GCC_C_LANGUAGE_STANDARD = gnu99;
				GCC_DYNAMIC_NO_PIC = NO;
				GCC_NO_COMMON_BLOCKS = YES;
				GCC_OPTIMIZATION_LEVEL = 0;
				GCC_PREPROCESSOR_DEFINITIONS = (
					"DEBUG=1",
					"$(inherited)",
				);
				GCC_WARN_64_TO_32_BIT_CONVERSION = YES;
				GCC_WARN_ABOUT_RETURN_TYPE = YES_ERROR;
				GCC_WARN_UNDECLARED_SELECTOR = YES;
				GCC_WARN_UNINITIALIZED_AUTOS = YES_AGGRESSIVE;
				GCC_WARN_UNUSED_FUNCTION = YES;
				GCC_WARN_UNUSED_VARIABLE = YES;
				MACOSX_DEPLOYMENT_TARGET = 10.11;
				MTL_ENABLE_DEBUG_INFO = YES;
				ONLY_ACTIVE_ARCH = YES;
				SDKROOT = macosx;
			};
			name = Debug;
		};
		BD3916B81C4265AB0010A44E /* Release */ = {
			isa = XCBuildConfiguration;
			buildSettings = {
				ALWAYS_SEARCH_USER_PATHS = NO;
				CLANG_CXX_LANGUAGE_STANDARD = "gnu++0x";
				CLANG_CXX_LIBRARY = "libc++";
				CLANG_ENABLE_MODULES = YES;
				CLANG_ENABLE_OBJC_ARC = YES;
				CLANG_WARN_BOOL_CONVERSION = YES;
				CLANG_WARN_CONSTANT_CONVERSION = YES;
				CLANG_WARN_DIRECT_OBJC_ISA_USAGE = YES_ERROR;
				CLANG_WARN_EMPTY_BODY = YES;
				CLANG_WARN_ENUM_CONVERSION = YES;
				CLANG_WARN_INT_CONVERSION = YES;
				CLANG_WARN_OBJC_ROOT_CLASS = YES_ERROR;
				CLANG_WARN_UNREACHABLE_CODE = YES;
				CLANG_WARN__DUPLICATE_METHOD_MATCH = YES;
				CODE_SIGN_IDENTITY = "-";
				COPY_PHASE_STRIP = NO;
				DEBUG_INFORMATION_FORMAT = "dwarf-with-dsym";
				ENABLE_NS_ASSERTIONS = NO;
				ENABLE_STRICT_OBJC_MSGSEND = YES;
				GCC_C_LANGUAGE_STANDARD = gnu99;
				GCC_NO_COMMON_BLOCKS = YES;
				GCC_WARN_64_TO_32_BIT_CONVERSION = YES;
				GCC_WARN_ABOUT_RETURN_TYPE = YES_ERROR;
				GCC_WARN_UNDECLARED_SELECTOR = YES;
				GCC_WARN_UNINITIALIZED_AUTOS = YES_AGGRESSIVE;
				GCC_WARN_UNUSED_FUNCTION = YES;
				GCC_WARN_UNUSED_VARIABLE = YES;
				MACOSX_DEPLOYMENT_TARGET = 10.11;
				MTL_ENABLE_DEBUG_INFO = NO;
				SDKROOT = macosx;
			};
			name = Release;
		};
		BD3916BA1C4265AB0010A44E /* Debug */ = {
			isa = XCBuildConfiguration;
			buildSettings = {
				PRODUCT_NAME = "$(TARGET_NAME)";
			};
			name = Debug;
		};
		BD3916BB1C4265AB0010A44E /* Release */ = {
			isa = XCBuildConfiguration;
			buildSettings = {
				PRODUCT_NAME = "$(TARGET_NAME)";
			};
			name = Release;
		};
/* End XCBuildConfiguration section */

/* Begin XCConfigurationList section */
		BD3916AD1C4265AB0010A44E /* Build configuration list for PBXProject "Hw5" */ = {
			isa = XCConfigurationList;
			buildConfigurations = (
				BD3916B71C4265AB0010A44E /* Debug */,
				BD3916B81C4265AB0010A44E /* Release */,
			);
			defaultConfigurationIsVisible = 0;
			defaultConfigurationName = Release;
		};
		BD3916B91C4265AB0010A44E /* Build configuration list for PBXNativeTarget "Hw5" */ = {
			isa = XCConfigurationList;
			buildConfigurations = (
				BD3916BA1C4265AB0010A44E /* Debug */,
				BD3916BB1C4265AB0010A44E /* Release */,
			);
			defaultConfigurationIsVisible = 0;
			defaultConfigurationName = Release;
		};
/* End XCConfigurationList section */
	};
	rootObject = BD3916AA1C4265AB0010A44E /* Project object */;
}
